
Microsoft Visual Studio Solution File, Format Version 12.00
# Visual Studio Version 16
VisualStudioVersion = 16.0.29926.136
MinimumVisualStudioVersion = 10.0.40219.1
Project("{FAE04EC0-301F-11D3-BF4B-00C04F79EFBC}") = "projektArchitektura", "projektArchitektura\projektArchitektura.csproj", "{78788535-F206-4901-815F-69187684DCDA}"
EndProject
Global
	GlobalSection(SolutionConfigurationPlatforms) = preSolution
		Debug|Any CPU = Debug|Any CPU
		Release|Any CPU = Release|Any CPU
	EndGlobalSection
	GlobalSection(ProjectConfigurationPlatforms) = postSolution
		{78788535-F206-4901-815F-69187684DCDA}.Debug|Any CPU.ActiveCfg = Debug|Any CPU
		{78788535-F206-4901-815F-69187684DCDA}.Debug|Any CPU.Build.0 = Debug|Any CPU
		{78788535-F206-4901-815F-69187684DCDA}.Release|Any CPU.ActiveCfg = Release|Any CPU
		{78788535-F206-4901-815F-69187684DCDA}.Release|Any CPU.Build.0 = Release|Any CPU
	EndGlobalSection
	GlobalSection(SolutionProperties) = preSolution
		HideSolutionNode = FALSE
	EndGlobalSection
	GlobalSection(ExtensibilityGlobals) = postSolution
		SolutionGuid = {B221A86F-9B81-4BDF-90EE-75DEE4E324D1}
	EndGlobalSection
EndGlobal
